
Microsoft Visual Studio Solution File, Format Version 12.00
# Visual Studio Version 16
VisualStudioVersion = 16.0.29609.76
MinimumVisualStudioVersion = 10.0.40219.1
Project("{9A19103F-16F7-4668-BE54-9A1E7A4F7556}") = "AhGarra", "AhGarra\AhGarra.csproj", "{B3AAE6CB-1727-4696-B08F-CF3AC7552B8F}"
EndProject
Project("{9A19103F-16F7-4668-BE54-9A1E7A4F7556}") = "AhGarra.Domain.Entities", "AhGarra.Domain.Entities\AhGarra.Domain.Entities.csproj", "{92759A21-8424-4E37-889C-89D9CF8D83B9}"
EndProject
Project("{9A19103F-16F7-4668-BE54-9A1E7A4F7556}") = "AhGarra.Domain.Repositories", "AhGarra.Domain.Repositories\AhGarra.Domain.Repositories.csproj", "{9DFB4DA5-72AA-4068-BFA1-2A2449BBB2F4}"
EndProject
Project("{9A19103F-16F7-4668-BE54-9A1E7A4F7556}") = "AhGarra.Domain.Repositories.Impl", "AhGarra.Domain.Repositories.Impl\AhGarra.Domain.Repositories.Impl.csproj", "{41D75C5C-7E9D-45BC-B38D-62561FB8C037}"
EndProject
Project("{9A19103F-16F7-4668-BE54-9A1E7A4F7556}") = "AhGarra.Domain.Services", "AhGarra.Domain.Services\AhGarra.Domain.Services.csproj", "{0456AA5E-2B64-4ADD-B679-D564E29B119B}"
EndProject
Project("{9A19103F-16F7-4668-BE54-9A1E7A4F7556}") = "AhGarra.Domain.Services.Impl", "AhGarra.Domain.Services.Impl\AhGarra.Domain.Services.Impl.csproj", "{C24AC719-5961-442B-B687-4E9BF7272147}"
EndProject
Global
	GlobalSection(SolutionConfigurationPlatforms) = preSolution
		Debug|Any CPU = Debug|Any CPU
		Release|Any CPU = Release|Any CPU
	EndGlobalSection
	GlobalSection(ProjectConfigurationPlatforms) = postSolution
		{B3AAE6CB-1727-4696-B08F-CF3AC7552B8F}.Debug|Any CPU.ActiveCfg = Debug|Any CPU
		{B3AAE6CB-1727-4696-B08F-CF3AC7552B8F}.Debug|Any CPU.Build.0 = Debug|Any CPU
		{B3AAE6CB-1727-4696-B08F-CF3AC7552B8F}.Release|Any CPU.ActiveCfg = Release|Any CPU
		{B3AAE6CB-1727-4696-B08F-CF3AC7552B8F}.Release|Any CPU.Build.0 = Release|Any CPU
		{92759A21-8424-4E37-889C-89D9CF8D83B9}.Debug|Any CPU.ActiveCfg = Debug|Any CPU
		{92759A21-8424-4E37-889C-89D9CF8D83B9}.Debug|Any CPU.Build.0 = Debug|Any CPU
		{92759A21-8424-4E37-889C-89D9CF8D83B9}.Release|Any CPU.ActiveCfg = Release|Any CPU
		{92759A21-8424-4E37-889C-89D9CF8D83B9}.Release|Any CPU.Build.0 = Release|Any CPU
		{9DFB4DA5-72AA-4068-BFA1-2A2449BBB2F4}.Debug|Any CPU.ActiveCfg = Debug|Any CPU
		{9DFB4DA5-72AA-4068-BFA1-2A2449BBB2F4}.Debug|Any CPU.Build.0 = Debug|Any CPU
		{9DFB4DA5-72AA-4068-BFA1-2A2449BBB2F4}.Release|Any CPU.ActiveCfg = Release|Any CPU
		{9DFB4DA5-72AA-4068-BFA1-2A2449BBB2F4}.Release|Any CPU.Build.0 = Release|Any CPU
		{41D75C5C-7E9D-45BC-B38D-62561FB8C037}.Debug|Any CPU.ActiveCfg = Debug|Any CPU
		{41D75C5C-7E9D-45BC-B38D-62561FB8C037}.Debug|Any CPU.Build.0 = Debug|Any CPU
		{41D75C5C-7E9D-45BC-B38D-62561FB8C037}.Release|Any CPU.ActiveCfg = Release|Any CPU
		{41D75C5C-7E9D-45BC-B38D-62561FB8C037}.Release|Any CPU.Build.0 = Release|Any CPU
		{0456AA5E-2B64-4ADD-B679-D564E29B119B}.Debug|Any CPU.ActiveCfg = Debug|Any CPU
		{0456AA5E-2B64-4ADD-B679-D564E29B119B}.Debug|Any CPU.Build.0 = Debug|Any CPU
		{0456AA5E-2B64-4ADD-B679-D564E29B119B}.Release|Any CPU.ActiveCfg = Release|Any CPU
		{0456AA5E-2B64-4ADD-B679-D564E29B119B}.Release|Any CPU.Build.0 = Release|Any CPU
		{C24AC719-5961-442B-B687-4E9BF7272147}.Debug|Any CPU.ActiveCfg = Debug|Any CPU
		{C24AC719-5961-442B-B687-4E9BF7272147}.Debug|Any CPU.Build.0 = Debug|Any CPU
		{C24AC719-5961-442B-B687-4E9BF7272147}.Release|Any CPU.ActiveCfg = Release|Any CPU
		{C24AC719-5961-442B-B687-4E9BF7272147}.Release|Any CPU.Build.0 = Release|Any CPU
	EndGlobalSection
	GlobalSection(SolutionProperties) = preSolution
		HideSolutionNode = FALSE
	EndGlobalSection
	GlobalSection(ExtensibilityGlobals) = postSolution
		SolutionGuid = {1244174C-566E-40AD-ADC3-B9300890AA30}
	EndGlobalSection
EndGlobal
